
Microsoft Visual Studio Solution File, Format Version 12.00
# Visual Studio Version 16
VisualStudioVersion = 16.0.31624.102
MinimumVisualStudioVersion = 10.0.40219.1
Project("{FAE04EC0-301F-11D3-BF4B-00C04F79EFBC}") = "readingwriteingfile", "readingwriteingfile.csproj", "{70725041-C748-41F9-A7FE-49717E6E5BC8}"
EndProject
Global
	GlobalSection(SolutionConfigurationPlatforms) = preSolution
		Debug|Any CPU = Debug|Any CPU
		Release|Any CPU = Release|Any CPU
	EndGlobalSection
	GlobalSection(ProjectConfigurationPlatforms) = postSolution
		{70725041-C748-41F9-A7FE-49717E6E5BC8}.Debug|Any CPU.ActiveCfg = Debug|Any CPU
		{70725041-C748-41F9-A7FE-49717E6E5BC8}.Debug|Any CPU.Build.0 = Debug|Any CPU
		{70725041-C748-41F9-A7FE-49717E6E5BC8}.Release|Any CPU.ActiveCfg = Release|Any CPU
		{70725041-C748-41F9-A7FE-49717E6E5BC8}.Release|Any CPU.Build.0 = Release|Any CPU
	EndGlobalSection
	GlobalSection(SolutionProperties) = preSolution
		HideSolutionNode = FALSE
	EndGlobalSection
	GlobalSection(ExtensibilityGlobals) = postSolution
		SolutionGuid = {02AEF8C2-3704-4C2A-B539-0BBAA97D6E4D}
	EndGlobalSection
EndGlobal
